
Microsoft Visual Studio Solution File, Format Version 12.00
# Visual Studio Version 16
VisualStudioVersion = 16.0.30709.132
MinimumVisualStudioVersion = 10.0.40219.1
Project("{9A19103F-16F7-4668-BE54-9A1E7A4F7556}") = "BloodPressureApp", "BloodPressureApp\BloodPressureApp.csproj", "{397EA3B2-68B6-47A3-B767-4F5C0B1C4692}"
EndProject
Project("{9A19103F-16F7-4668-BE54-9A1E7A4F7556}") = "BloodPressureApp.Data", "BloodPressureApp.Data\BloodPressureApp.Data.csproj", "{BDB45F99-E049-483F-B5C3-729470E5C0C2}"
EndProject
Project("{9A19103F-16F7-4668-BE54-9A1E7A4F7556}") = "BloodPressureApp.WebService", "BloodPressureApp.WebService\BloodPressureApp.WebService.csproj", "{295FEE88-503D-4E1F-8FBB-EA5A7C950A9B}"
EndProject
Project("{2150E333-8FDC-42A3-9474-1A3956D46DE8}") = "Documentation", "Documentation", "{3BCBA54B-F56E-42DD-8BEF-584E4E50DF13}"
EndProject
Project("{FAE04EC0-301F-11D3-BF4B-00C04F79EFBC}") = "BloodPressureApp.UnitTest", "BloodPressureApp.UnitTest\BloodPressureApp.UnitTest.csproj", "{760CC16D-0DBA-4C52-B9E9-4E505970F6A7}"
EndProject
Global
	GlobalSection(SolutionConfigurationPlatforms) = preSolution
		Debug|Any CPU = Debug|Any CPU
		Release|Any CPU = Release|Any CPU
	EndGlobalSection
	GlobalSection(ProjectConfigurationPlatforms) = postSolution
		{397EA3B2-68B6-47A3-B767-4F5C0B1C4692}.Debug|Any CPU.ActiveCfg = Debug|Any CPU
		{397EA3B2-68B6-47A3-B767-4F5C0B1C4692}.Debug|Any CPU.Build.0 = Debug|Any CPU
		{397EA3B2-68B6-47A3-B767-4F5C0B1C4692}.Release|Any CPU.ActiveCfg = Release|Any CPU
		{397EA3B2-68B6-47A3-B767-4F5C0B1C4692}.Release|Any CPU.Build.0 = Release|Any CPU
		{BDB45F99-E049-483F-B5C3-729470E5C0C2}.Debug|Any CPU.ActiveCfg = Debug|Any CPU
		{BDB45F99-E049-483F-B5C3-729470E5C0C2}.Debug|Any CPU.Build.0 = Debug|Any CPU
		{BDB45F99-E049-483F-B5C3-729470E5C0C2}.Release|Any CPU.ActiveCfg = Release|Any CPU
		{BDB45F99-E049-483F-B5C3-729470E5C0C2}.Release|Any CPU.Build.0 = Release|Any CPU
		{295FEE88-503D-4E1F-8FBB-EA5A7C950A9B}.Debug|Any CPU.ActiveCfg = Debug|Any CPU
		{295FEE88-503D-4E1F-8FBB-EA5A7C950A9B}.Debug|Any CPU.Build.0 = Debug|Any CPU
		{295FEE88-503D-4E1F-8FBB-EA5A7C950A9B}.Release|Any CPU.ActiveCfg = Release|Any CPU
		{295FEE88-503D-4E1F-8FBB-EA5A7C950A9B}.Release|Any CPU.Build.0 = Release|Any CPU
		{760CC16D-0DBA-4C52-B9E9-4E505970F6A7}.Debug|Any CPU.ActiveCfg = Debug|Any CPU
		{760CC16D-0DBA-4C52-B9E9-4E505970F6A7}.Debug|Any CPU.Build.0 = Debug|Any CPU
		{760CC16D-0DBA-4C52-B9E9-4E505970F6A7}.Release|Any CPU.ActiveCfg = Release|Any CPU
		{760CC16D-0DBA-4C52-B9E9-4E505970F6A7}.Release|Any CPU.Build.0 = Release|Any CPU
	EndGlobalSection
	GlobalSection(SolutionProperties) = preSolution
		HideSolutionNode = FALSE
	EndGlobalSection
	GlobalSection(ExtensibilityGlobals) = postSolution
		SolutionGuid = {BE9857F3-05B7-4E1F-B9DB-D51F9C5D34B1}
	EndGlobalSection
EndGlobal
